
Microsoft Visual Studio Solution File, Format Version 12.00
# Visual Studio Version 16
VisualStudioVersion = 16.0.32602.291
MinimumVisualStudioVersion = 10.0.40219.1
Project("{FAE04EC0-301F-11D3-BF4B-00C04F79EFBC}") = "KlavyeYonTuslariylaNesneleriHareketEttirme", "KlavyeYonTuslariylaNesneleriHareketEttirme.csproj", "{DF69CAA9-6551-4100-8B29-C7727C0BB38F}"
EndProject
Global
	GlobalSection(SolutionConfigurationPlatforms) = preSolution
		Debug|Any CPU = Debug|Any CPU
		Release|Any CPU = Release|Any CPU
	EndGlobalSection
	GlobalSection(ProjectConfigurationPlatforms) = postSolution
		{DF69CAA9-6551-4100-8B29-C7727C0BB38F}.Debug|Any CPU.ActiveCfg = Debug|Any CPU
		{DF69CAA9-6551-4100-8B29-C7727C0BB38F}.Debug|Any CPU.Build.0 = Debug|Any CPU
		{DF69CAA9-6551-4100-8B29-C7727C0BB38F}.Release|Any CPU.ActiveCfg = Release|Any CPU
		{DF69CAA9-6551-4100-8B29-C7727C0BB38F}.Release|Any CPU.Build.0 = Release|Any CPU
	EndGlobalSection
	GlobalSection(SolutionProperties) = preSolution
		HideSolutionNode = FALSE
	EndGlobalSection
	GlobalSection(ExtensibilityGlobals) = postSolution
		SolutionGuid = {1724F8AB-0BF7-458F-AAE3-1287048F4614}
	EndGlobalSection
EndGlobal
